{
  "name": "LBL-Linkage-Widget-v2",
  "lockfileVersion": 2,
  "requires": true,
  "packages": {
    "": {
      "devDependencies": {
        "debug-tree": "^0.1.3"
      }
    },
    "node_modules/debug-tree": {
      "version": "0.1.3",
      "resolved": "https://registry.npmjs.org/debug-tree/-/debug-tree-0.1.3.tgz",
      "integrity": "sha512-90gIzXiOgLk9nuNVcYKFo6PlzapFtztKtd3o0fWB0yit4lm77rHDnYVjxzHRKYDH/fZMDS+n3m9gv3x9CphMHA==",
      "dev": true
    }
  },
  "dependencies": {
    "debug-tree": {
      "version": "0.1.3",
      "resolved": "https://registry.npmjs.org/debug-tree/-/debug-tree-0.1.3.tgz",
      "integrity": "sha512-90gIzXiOgLk9nuNVcYKFo6PlzapFtztKtd3o0fWB0yit4lm77rHDnYVjxzHRKYDH/fZMDS+n3m9gv3x9CphMHA==",
      "dev": true
    }
  }
}
